{
  "nodes": {
    "autopilot": {
      "inputs": {
        "nixpkgs": [
          "nixpkgs"
        ],
        "parts": [
          "parts"
        ],
        "systems": [
          "systems"
        ]
      },
      "locked": {
        "lastModified": 1734225345,
        "narHash": "sha256-6mI7tVAMz87p/voi4nqVqR5t11CD6VbMVsdGtLQKr4U=",
        "owner": "stepbrobd",
        "repo": "autopilot",
        "rev": "a5c995353efe7ecd0f79ee988ae1c3825ae47736",
        "type": "github"
      },
      "original": {
        "owner": "stepbrobd",
        "repo": "autopilot",
        "type": "github"
      }
    },
    "nixpkgs": {
      "locked": {
        "lastModified": 1736420959,
        "narHash": "sha256-dMGNa5UwdtowEqQac+Dr0d2tFO/60ckVgdhZU9q2E2o=",
        "owner": "nixos",
        "repo": "nixpkgs",
        "rev": "32af3611f6f05655ca166a0b1f47b57c762b5192",
        "type": "github"
      },
      "original": {
        "owner": "nixos",
        "ref": "nixpkgs-unstable",
        "repo": "nixpkgs",
        "type": "github"
      }
    },
    "parts": {
      "inputs": {
        "nixpkgs-lib": [
          "nixpkgs"
        ]
      },
      "locked": {
        "lastModified": 1736143030,
        "narHash": "sha256-+hu54pAoLDEZT9pjHlqL9DNzWz0NbUn8NEAHP7PQPzU=",
        "owner": "hercules-ci",
        "repo": "flake-parts",
        "rev": "b905f6fc23a9051a6e1b741e1438dbfc0634c6de",
        "type": "github"
      },
      "original": {
        "owner": "hercules-ci",
        "repo": "flake-parts",
        "type": "github"
      }
    },
    "root": {
      "inputs": {
        "autopilot": "autopilot",
        "nixpkgs": "nixpkgs",
        "parts": "parts",
        "systems": "systems"
      }
    },
    "systems": {
      "locked": {
        "lastModified": 1681028828,
        "narHash": "sha256-Vy1rq5AaRuLzOxct8nz4T6wlgyUR7zLU309k9mBC768=",
        "owner": "nix-systems",
        "repo": "default",
        "rev": "da67096a3b9bf56a91d16901293e51ba5b49a27e",
        "type": "github"
      },
      "original": {
        "owner": "nix-systems",
        "repo": "default",
        "type": "github"
      }
    }
  },
  "root": "root",
  "version": 7
}
